
Microsoft Visual Studio Solution File, Format Version 12.00
# Visual Studio 15
VisualStudioVersion = 15.0.27130.2027
MinimumVisualStudioVersion = 10.0.40219.1
Project("{FAE04EC0-301F-11D3-BF4B-00C04F79EFBC}") = "XEx03Quotation", "XEx03Quotation\XEx03Quotation.csproj", "{284E9DD3-D426-46EA-BD11-3C179A3D28D7}"
EndProject
Global
	GlobalSection(SolutionConfigurationPlatforms) = preSolution
		Debug|Any CPU = Debug|Any CPU
		Release|Any CPU = Release|Any CPU
	EndGlobalSection
	GlobalSection(ProjectConfigurationPlatforms) = postSolution
		{284E9DD3-D426-46EA-BD11-3C179A3D28D7}.Debug|Any CPU.ActiveCfg = Debug|Any CPU
		{284E9DD3-D426-46EA-BD11-3C179A3D28D7}.Debug|Any CPU.Build.0 = Debug|Any CPU
		{284E9DD3-D426-46EA-BD11-3C179A3D28D7}.Release|Any CPU.ActiveCfg = Release|Any CPU
		{284E9DD3-D426-46EA-BD11-3C179A3D28D7}.Release|Any CPU.Build.0 = Release|Any CPU
	EndGlobalSection
	GlobalSection(SolutionProperties) = preSolution
		HideSolutionNode = FALSE
	EndGlobalSection
	GlobalSection(ExtensibilityGlobals) = postSolution
		SolutionGuid = {6ACA01FD-4B9E-4323-B417-44D2911D86C0}
	EndGlobalSection
EndGlobal
